
Microsoft Visual Studio Solution File, Format Version 12.00
# Visual Studio Version 16
VisualStudioVersion = 16.0.30320.27
MinimumVisualStudioVersion = 10.0.40219.1
Project("{FAE04EC0-301F-11D3-BF4B-00C04F79EFBC}") = "UnionPressOnSharp", "UnionPressOnSharp\UnionPressOnSharp.csproj", "{2950680A-38FF-4440-9026-960DDA95C8AF}"
EndProject
Project("{FAE04EC0-301F-11D3-BF4B-00C04F79EFBC}") = "OwnControls", "OwnControls\OwnControls.csproj", "{7E02830D-0949-460B-AFD1-28776E69AA3D}"
EndProject
Project("{FAE04EC0-301F-11D3-BF4B-00C04F79EFBC}") = "Disk.SDK.Provider (.NET 4.0)", "Disk.SDK.Provider (.NET 4.0)\Disk.SDK.Provider (.NET 4.0).csproj", "{D8BB0F49-5F72-414A-8976-19846DE293C2}"
EndProject
Global
	GlobalSection(SolutionConfigurationPlatforms) = preSolution
		Debug|Any CPU = Debug|Any CPU
		Release|Any CPU = Release|Any CPU
	EndGlobalSection
	GlobalSection(ProjectConfigurationPlatforms) = postSolution
		{2950680A-38FF-4440-9026-960DDA95C8AF}.Debug|Any CPU.ActiveCfg = Debug|Any CPU
		{2950680A-38FF-4440-9026-960DDA95C8AF}.Debug|Any CPU.Build.0 = Debug|Any CPU
		{2950680A-38FF-4440-9026-960DDA95C8AF}.Release|Any CPU.ActiveCfg = Release|Any CPU
		{2950680A-38FF-4440-9026-960DDA95C8AF}.Release|Any CPU.Build.0 = Release|Any CPU
		{7E02830D-0949-460B-AFD1-28776E69AA3D}.Debug|Any CPU.ActiveCfg = Debug|Any CPU
		{7E02830D-0949-460B-AFD1-28776E69AA3D}.Debug|Any CPU.Build.0 = Debug|Any CPU
		{7E02830D-0949-460B-AFD1-28776E69AA3D}.Release|Any CPU.ActiveCfg = Release|Any CPU
		{7E02830D-0949-460B-AFD1-28776E69AA3D}.Release|Any CPU.Build.0 = Release|Any CPU
		{D8BB0F49-5F72-414A-8976-19846DE293C2}.Debug|Any CPU.ActiveCfg = Debug|Any CPU
		{D8BB0F49-5F72-414A-8976-19846DE293C2}.Debug|Any CPU.Build.0 = Debug|Any CPU
		{D8BB0F49-5F72-414A-8976-19846DE293C2}.Release|Any CPU.ActiveCfg = Release|Any CPU
		{D8BB0F49-5F72-414A-8976-19846DE293C2}.Release|Any CPU.Build.0 = Release|Any CPU
	EndGlobalSection
	GlobalSection(SolutionProperties) = preSolution
		HideSolutionNode = FALSE
	EndGlobalSection
	GlobalSection(ExtensibilityGlobals) = postSolution
		SolutionGuid = {A8EDCE00-AC13-4B4A-AC3D-024E743AEF8D}
	EndGlobalSection
EndGlobal
