
Microsoft Visual Studio Solution File, Format Version 12.00
# Visual Studio Version 16
VisualStudioVersion = 16.0.30320.27
MinimumVisualStudioVersion = 10.0.40219.1
Project("{8BC9CEB8-8B4A-11D0-8D11-00A0C91BC942}") = "UnionPressOnC", "UnionPressOnC\UnionPressOnC.vcxproj", "{969B49AC-3AEE-4199-99F5-4A853B3EEE2E}"
EndProject
Global
	GlobalSection(SolutionConfigurationPlatforms) = preSolution
		Debug|x64 = Debug|x64
		Debug|x86 = Debug|x86
		Release|x64 = Release|x64
		Release|x86 = Release|x86
	EndGlobalSection
	GlobalSection(ProjectConfigurationPlatforms) = postSolution
		{969B49AC-3AEE-4199-99F5-4A853B3EEE2E}.Debug|x64.ActiveCfg = Debug|x64
		{969B49AC-3AEE-4199-99F5-4A853B3EEE2E}.Debug|x64.Build.0 = Debug|x64
		{969B49AC-3AEE-4199-99F5-4A853B3EEE2E}.Debug|x86.ActiveCfg = Debug|Win32
		{969B49AC-3AEE-4199-99F5-4A853B3EEE2E}.Debug|x86.Build.0 = Debug|Win32
		{969B49AC-3AEE-4199-99F5-4A853B3EEE2E}.Release|x64.ActiveCfg = Release|x64
		{969B49AC-3AEE-4199-99F5-4A853B3EEE2E}.Release|x64.Build.0 = Release|x64
		{969B49AC-3AEE-4199-99F5-4A853B3EEE2E}.Release|x86.ActiveCfg = Release|Win32
		{969B49AC-3AEE-4199-99F5-4A853B3EEE2E}.Release|x86.Build.0 = Release|Win32
	EndGlobalSection
	GlobalSection(SolutionProperties) = preSolution
		HideSolutionNode = FALSE
	EndGlobalSection
	GlobalSection(ExtensibilityGlobals) = postSolution
		SolutionGuid = {217E833E-8A28-435B-957C-6412903809A4}
	EndGlobalSection
EndGlobal
